
Microsoft Visual Studio Solution File, Format Version 12.00
# Visual Studio Version 17
VisualStudioVersion = 17.1.32210.238
MinimumVisualStudioVersion = 10.0.40219.1
Project("{888888A0-9F3D-457C-B088-3A5042F75D52}") = "SolarSystem", "SolarSystem\SolarSystem.pyproj", "{DA33E291-3A72-4EDC-B301-ADA43951C9DF}"
EndProject
Global
	GlobalSection(SolutionConfigurationPlatforms) = preSolution
		Debug|Any CPU = Debug|Any CPU
		Release|Any CPU = Release|Any CPU
	EndGlobalSection
	GlobalSection(ProjectConfigurationPlatforms) = postSolution
		{DA33E291-3A72-4EDC-B301-ADA43951C9DF}.Debug|Any CPU.ActiveCfg = Debug|Any CPU
		{DA33E291-3A72-4EDC-B301-ADA43951C9DF}.Release|Any CPU.ActiveCfg = Release|Any CPU
	EndGlobalSection
	GlobalSection(SolutionProperties) = preSolution
		HideSolutionNode = FALSE
	EndGlobalSection
	GlobalSection(ExtensibilityGlobals) = postSolution
		SolutionGuid = {76415CE8-B980-4FC3-BA6D-D1CE8AAEC9F8}
	EndGlobalSection
EndGlobal
